
Microsoft Visual Studio Solution File, Format Version 12.00
# Visual Studio Version 16
VisualStudioVersion = 16.0.31515.178
MinimumVisualStudioVersion = 10.0.40219.1
Project("{FAE04EC0-301F-11D3-BF4B-00C04F79EFBC}") = "FIT5032-MyDatabaseFirst", "FIT5032-MyDatabaseFirst\FIT5032-MyDatabaseFirst.csproj", "{E175ED5A-0A54-498E-8545-70F37B2A38CE}"
EndProject
Global
	GlobalSection(SolutionConfigurationPlatforms) = preSolution
		Debug|Any CPU = Debug|Any CPU
		Release|Any CPU = Release|Any CPU
	EndGlobalSection
	GlobalSection(ProjectConfigurationPlatforms) = postSolution
		{E175ED5A-0A54-498E-8545-70F37B2A38CE}.Debug|Any CPU.ActiveCfg = Debug|Any CPU
		{E175ED5A-0A54-498E-8545-70F37B2A38CE}.Debug|Any CPU.Build.0 = Debug|Any CPU
		{E175ED5A-0A54-498E-8545-70F37B2A38CE}.Release|Any CPU.ActiveCfg = Release|Any CPU
		{E175ED5A-0A54-498E-8545-70F37B2A38CE}.Release|Any CPU.Build.0 = Release|Any CPU
	EndGlobalSection
	GlobalSection(SolutionProperties) = preSolution
		HideSolutionNode = FALSE
	EndGlobalSection
	GlobalSection(ExtensibilityGlobals) = postSolution
		SolutionGuid = {DE8FD93D-314B-45F7-BFCF-DC7D9ED1A34D}
	EndGlobalSection
EndGlobal
